
Microsoft Visual Studio Solution File, Format Version 12.00
# Visual Studio Version 17
VisualStudioVersion = 17.2.32630.192
MinimumVisualStudioVersion = 10.0.40219.1
Project("{9A19103F-16F7-4668-BE54-9A1E7A4F7556}") = "Infra", "Infra\Infra.csproj", "{DB869079-0C05-437D-A520-EF1B617C718E}"
EndProject
Project("{9A19103F-16F7-4668-BE54-9A1E7A4F7556}") = "WebMandaEmail", "WebMandaEmail\WebMandaEmail.csproj", "{48FBB2D4-8165-4620-A31D-69CC84D3E4CC}"
EndProject
Project("{FAE04EC0-301F-11D3-BF4B-00C04F79EFBC}") = "AzureFunctionEnvioEmail", "AzureFunctionEnvioEmail\AzureFunctionEnvioEmail.csproj", "{04C836E3-C051-4C43-87D1-C9F7F7F188E1}"
EndProject
Global
	GlobalSection(SolutionConfigurationPlatforms) = preSolution
		Debug|Any CPU = Debug|Any CPU
		Release|Any CPU = Release|Any CPU
	EndGlobalSection
	GlobalSection(ProjectConfigurationPlatforms) = postSolution
		{DB869079-0C05-437D-A520-EF1B617C718E}.Debug|Any CPU.ActiveCfg = Debug|Any CPU
		{DB869079-0C05-437D-A520-EF1B617C718E}.Debug|Any CPU.Build.0 = Debug|Any CPU
		{DB869079-0C05-437D-A520-EF1B617C718E}.Release|Any CPU.ActiveCfg = Release|Any CPU
		{DB869079-0C05-437D-A520-EF1B617C718E}.Release|Any CPU.Build.0 = Release|Any CPU
		{48FBB2D4-8165-4620-A31D-69CC84D3E4CC}.Debug|Any CPU.ActiveCfg = Debug|Any CPU
		{48FBB2D4-8165-4620-A31D-69CC84D3E4CC}.Debug|Any CPU.Build.0 = Debug|Any CPU
		{48FBB2D4-8165-4620-A31D-69CC84D3E4CC}.Release|Any CPU.ActiveCfg = Release|Any CPU
		{48FBB2D4-8165-4620-A31D-69CC84D3E4CC}.Release|Any CPU.Build.0 = Release|Any CPU
		{04C836E3-C051-4C43-87D1-C9F7F7F188E1}.Debug|Any CPU.ActiveCfg = Debug|Any CPU
		{04C836E3-C051-4C43-87D1-C9F7F7F188E1}.Debug|Any CPU.Build.0 = Debug|Any CPU
		{04C836E3-C051-4C43-87D1-C9F7F7F188E1}.Release|Any CPU.ActiveCfg = Release|Any CPU
		{04C836E3-C051-4C43-87D1-C9F7F7F188E1}.Release|Any CPU.Build.0 = Release|Any CPU
	EndGlobalSection
	GlobalSection(SolutionProperties) = preSolution
		HideSolutionNode = FALSE
	EndGlobalSection
	GlobalSection(ExtensibilityGlobals) = postSolution
		SolutionGuid = {63C47277-DF8F-490F-819E-7082FAF33766}
	EndGlobalSection
EndGlobal
